
Microsoft Visual Studio Solution File, Format Version 12.00
# Visual Studio Version 16
VisualStudioVersion = 16.0.31624.102
MinimumVisualStudioVersion = 10.0.40219.1
Project("{FAE04EC0-301F-11D3-BF4B-00C04F79EFBC}") = "Todo APP", "Todo APP.csproj", "{D276670E-77BF-4C87-B3E7-35C1F1D32AEC}"
EndProject
Global
	GlobalSection(SolutionConfigurationPlatforms) = preSolution
		Debug|Any CPU = Debug|Any CPU
		Release|Any CPU = Release|Any CPU
	EndGlobalSection
	GlobalSection(ProjectConfigurationPlatforms) = postSolution
		{D276670E-77BF-4C87-B3E7-35C1F1D32AEC}.Debug|Any CPU.ActiveCfg = Debug|Any CPU
		{D276670E-77BF-4C87-B3E7-35C1F1D32AEC}.Debug|Any CPU.Build.0 = Debug|Any CPU
		{D276670E-77BF-4C87-B3E7-35C1F1D32AEC}.Release|Any CPU.ActiveCfg = Release|Any CPU
		{D276670E-77BF-4C87-B3E7-35C1F1D32AEC}.Release|Any CPU.Build.0 = Release|Any CPU
	EndGlobalSection
	GlobalSection(SolutionProperties) = preSolution
		HideSolutionNode = FALSE
	EndGlobalSection
	GlobalSection(ExtensibilityGlobals) = postSolution
		SolutionGuid = {A9CFBBD6-2B00-4D4F-B9EC-0B6D4CD3F51D}
	EndGlobalSection
EndGlobal
